
Microsoft Visual Studio Solution File, Format Version 12.00
# Visual Studio Version 16
VisualStudioVersion = 16.0.31321.278
MinimumVisualStudioVersion = 10.0.40219.1
Project("{FAE04EC0-301F-11D3-BF4B-00C04F79EFBC}") = "CRUDwebapp", "CRUDwebapp\CRUDwebapp.csproj", "{F346BD1F-1058-43E1-A98E-76114DC79FA7}"
EndProject
Global
	GlobalSection(SolutionConfigurationPlatforms) = preSolution
		Debug|Any CPU = Debug|Any CPU
		Release|Any CPU = Release|Any CPU
	EndGlobalSection
	GlobalSection(ProjectConfigurationPlatforms) = postSolution
		{F346BD1F-1058-43E1-A98E-76114DC79FA7}.Debug|Any CPU.ActiveCfg = Debug|Any CPU
		{F346BD1F-1058-43E1-A98E-76114DC79FA7}.Debug|Any CPU.Build.0 = Debug|Any CPU
		{F346BD1F-1058-43E1-A98E-76114DC79FA7}.Release|Any CPU.ActiveCfg = Release|Any CPU
		{F346BD1F-1058-43E1-A98E-76114DC79FA7}.Release|Any CPU.Build.0 = Release|Any CPU
	EndGlobalSection
	GlobalSection(SolutionProperties) = preSolution
		HideSolutionNode = FALSE
	EndGlobalSection
	GlobalSection(ExtensibilityGlobals) = postSolution
		SolutionGuid = {9D14402D-CA19-4BCE-AA81-8190E1C29AC1}
	EndGlobalSection
EndGlobal
